
Microsoft Visual Studio Solution File, Format Version 12.00
# Visual Studio Version 16
VisualStudioVersion = 16.0.29215.179
MinimumVisualStudioVersion = 10.0.40219.1
Project("{FAE04EC0-301F-11D3-BF4B-00C04F79EFBC}") = "Good Vibes Music Player", "Good Vibes Music Player\Good Vibes Music Player.csproj", "{AA2C5B94-AD5A-45BC-BBBF-56613F9B0D2C}"
EndProject
Global
	GlobalSection(SolutionConfigurationPlatforms) = preSolution
		Debug|Any CPU = Debug|Any CPU
		Release|Any CPU = Release|Any CPU
	EndGlobalSection
	GlobalSection(ProjectConfigurationPlatforms) = postSolution
		{AA2C5B94-AD5A-45BC-BBBF-56613F9B0D2C}.Debug|Any CPU.ActiveCfg = Debug|Any CPU
		{AA2C5B94-AD5A-45BC-BBBF-56613F9B0D2C}.Debug|Any CPU.Build.0 = Debug|Any CPU
		{AA2C5B94-AD5A-45BC-BBBF-56613F9B0D2C}.Release|Any CPU.ActiveCfg = Release|Any CPU
		{AA2C5B94-AD5A-45BC-BBBF-56613F9B0D2C}.Release|Any CPU.Build.0 = Release|Any CPU
	EndGlobalSection
	GlobalSection(SolutionProperties) = preSolution
		HideSolutionNode = FALSE
	EndGlobalSection
	GlobalSection(ExtensibilityGlobals) = postSolution
		SolutionGuid = {B0CC62CE-7AD8-43BD-9DAA-91D8F4DD8F31}
	EndGlobalSection
EndGlobal
